# This file is @generated by PDM.
# It is not intended for manual editing.

[metadata]
groups = ["default"]
strategy = ["inherit_metadata"]
lock_version = "4.5.0"
content_hash = "sha256:c5c56fb8aaafa7f6921c697d4b8fbf3690bb029bcb80f305818f7f745d257032"

[[metadata.targets]]
requires_python = ">=3.12"

[[package]]
name = "neo4j"
version = "5.23.1"
requires_python = ">=3.7"
summary = "Neo4j Bolt driver for Python"
groups = ["default"]
dependencies = [
    "pytz",
]
files = [
    {file = "neo4j-5.23.1-py3-none-any.whl", hash = "sha256:97996fbf39421e0677fdcb8afe50b6810cbe8027e055a9dcf81da6070a82a009"},
    {file = "neo4j-5.23.1.tar.gz", hash = "sha256:e2d3399d1124319489b25d5eda99833ae086e1fffef9946d36241652d26b26a0"},
]

[[package]]
name = "pytz"
version = "2024.1"
summary = "World timezone definitions, modern and historical"
groups = ["default"]
files = [
    {file = "pytz-2024.1-py2.py3-none-any.whl", hash = "sha256:328171f4e3623139da4983451950b28e95ac706e13f3f2630a879749e7a8b319"},
    {file = "pytz-2024.1.tar.gz", hash = "sha256:2a29735ea9c18baf14b448846bde5a48030ed267578472d8955cd0e7443a9812"},
]
